
Microsoft Visual Studio Solution File, Format Version 12.00
# Visual Studio Version 17
VisualStudioVersion = 17.9.34728.123
MinimumVisualStudioVersion = 10.0.40219.1
Project("{FAE04EC0-301F-11D3-BF4B-00C04F79EFBC}") = "muhahasebe", "muhahasebe\muhahasebe.csproj", "{CF005881-4D69-44AF-9D30-046DF5D75773}"
EndProject
Global
	GlobalSection(SolutionConfigurationPlatforms) = preSolution
		Debug|Any CPU = Debug|Any CPU
		Release|Any CPU = Release|Any CPU
	EndGlobalSection
	GlobalSection(ProjectConfigurationPlatforms) = postSolution
		{CF005881-4D69-44AF-9D30-046DF5D75773}.Debug|Any CPU.ActiveCfg = Debug|Any CPU
		{CF005881-4D69-44AF-9D30-046DF5D75773}.Debug|Any CPU.Build.0 = Debug|Any CPU
		{CF005881-4D69-44AF-9D30-046DF5D75773}.Release|Any CPU.ActiveCfg = Release|Any CPU
		{CF005881-4D69-44AF-9D30-046DF5D75773}.Release|Any CPU.Build.0 = Release|Any CPU
	EndGlobalSection
	GlobalSection(SolutionProperties) = preSolution
		HideSolutionNode = FALSE
	EndGlobalSection
	GlobalSection(ExtensibilityGlobals) = postSolution
		SolutionGuid = {300FC0C8-2E55-4F51-9312-1A1D8B0AF5A9}
	EndGlobalSection
EndGlobal
